
Microsoft Visual Studio Solution File, Format Version 12.00
# Visual Studio 14
VisualStudioVersion = 14.0.25123.0
MinimumVisualStudioVersion = 10.0.40219.1
Project("{D0C623EE-057E-430D-BC92-A011B798D1DD}") = "Sitecore.Support.351396", "Sitecore.Support.351396\Sitecore.Support.351396.csproj", "{4A89FF04-077D-4CD1-97F5-41A0EBFC8BD3}"
EndProject
Global
	GlobalSection(SolutionConfigurationPlatforms) = preSolution
		Debug|Any CPU = Debug|Any CPU
		Release|Any CPU = Release|Any CPU
	EndGlobalSection
	GlobalSection(ProjectConfigurationPlatforms) = postSolution
		{4A89FF04-077D-4CD1-97F5-41A0EBFC8BD3}.Debug|Any CPU.ActiveCfg = Debug|Any CPU
		{4A89FF04-077D-4CD1-97F5-41A0EBFC8BD3}.Debug|Any CPU.Build.0 = Debug|Any CPU
		{4A89FF04-077D-4CD1-97F5-41A0EBFC8BD3}.Release|Any CPU.ActiveCfg = Release|Any CPU
		{4A89FF04-077D-4CD1-97F5-41A0EBFC8BD3}.Release|Any CPU.Build.0 = Release|Any CPU
	EndGlobalSection
	GlobalSection(SolutionProperties) = preSolution
		HideSolutionNode = FALSE
	EndGlobalSection
EndGlobal
